
Microsoft Visual Studio Solution File, Format Version 12.00
# Visual Studio Version 17
VisualStudioVersion = 17.11.35222.181
MinimumVisualStudioVersion = 10.0.40219.1
Project("{9A19103F-16F7-4668-BE54-9A1E7A4F7556}") = "Sms.Core", "Sms.Core\Sms.Core.csproj", "{77D80F7C-BF6A-4F65-A6C0-6690621B8CDA}"
EndProject
Project("{9A19103F-16F7-4668-BE54-9A1E7A4F7556}") = "Sms.Infrastructure", "Sms.Infracstructure\Sms.Infrastructure.csproj", "{8695976F-EA53-4D20-B563-3AD44EF60153}"
EndProject
Project("{9A19103F-16F7-4668-BE54-9A1E7A4F7556}") = "Sms.Web", "Sms.Web\Sms.Web.csproj", "{2DAE1C09-1CB7-44C2-928D-59FC9F9D4E6D}"
EndProject
Project("{9A19103F-16F7-4668-BE54-9A1E7A4F7556}") = "Sms.Application", "Sms.Application\Sms.Application.csproj", "{CEE53929-93FF-4446-8662-DCEFD2FDC25F}"
EndProject
Project("{54A90642-561A-4BB1-A94E-469ADEE60C69}") = "sms.client", "AngularProject1\sms.client.esproj", "{D8B70A13-597A-4F81-AFCE-190CB954779A}"
EndProject
Global
	GlobalSection(SolutionConfigurationPlatforms) = preSolution
		Debug|Any CPU = Debug|Any CPU
		Release|Any CPU = Release|Any CPU
	EndGlobalSection
	GlobalSection(ProjectConfigurationPlatforms) = postSolution
		{77D80F7C-BF6A-4F65-A6C0-6690621B8CDA}.Debug|Any CPU.ActiveCfg = Debug|Any CPU
		{77D80F7C-BF6A-4F65-A6C0-6690621B8CDA}.Debug|Any CPU.Build.0 = Debug|Any CPU
		{77D80F7C-BF6A-4F65-A6C0-6690621B8CDA}.Release|Any CPU.ActiveCfg = Release|Any CPU
		{77D80F7C-BF6A-4F65-A6C0-6690621B8CDA}.Release|Any CPU.Build.0 = Release|Any CPU
		{8695976F-EA53-4D20-B563-3AD44EF60153}.Debug|Any CPU.ActiveCfg = Debug|Any CPU
		{8695976F-EA53-4D20-B563-3AD44EF60153}.Debug|Any CPU.Build.0 = Debug|Any CPU
		{8695976F-EA53-4D20-B563-3AD44EF60153}.Release|Any CPU.ActiveCfg = Release|Any CPU
		{8695976F-EA53-4D20-B563-3AD44EF60153}.Release|Any CPU.Build.0 = Release|Any CPU
		{2DAE1C09-1CB7-44C2-928D-59FC9F9D4E6D}.Debug|Any CPU.ActiveCfg = Debug|Any CPU
		{2DAE1C09-1CB7-44C2-928D-59FC9F9D4E6D}.Debug|Any CPU.Build.0 = Debug|Any CPU
		{2DAE1C09-1CB7-44C2-928D-59FC9F9D4E6D}.Release|Any CPU.ActiveCfg = Release|Any CPU
		{2DAE1C09-1CB7-44C2-928D-59FC9F9D4E6D}.Release|Any CPU.Build.0 = Release|Any CPU
		{CEE53929-93FF-4446-8662-DCEFD2FDC25F}.Debug|Any CPU.ActiveCfg = Debug|Any CPU
		{CEE53929-93FF-4446-8662-DCEFD2FDC25F}.Debug|Any CPU.Build.0 = Debug|Any CPU
		{CEE53929-93FF-4446-8662-DCEFD2FDC25F}.Release|Any CPU.ActiveCfg = Release|Any CPU
		{CEE53929-93FF-4446-8662-DCEFD2FDC25F}.Release|Any CPU.Build.0 = Release|Any CPU
		{D8B70A13-597A-4F81-AFCE-190CB954779A}.Debug|Any CPU.ActiveCfg = Debug|Any CPU
		{D8B70A13-597A-4F81-AFCE-190CB954779A}.Debug|Any CPU.Build.0 = Debug|Any CPU
		{D8B70A13-597A-4F81-AFCE-190CB954779A}.Debug|Any CPU.Deploy.0 = Debug|Any CPU
		{D8B70A13-597A-4F81-AFCE-190CB954779A}.Release|Any CPU.ActiveCfg = Release|Any CPU
		{D8B70A13-597A-4F81-AFCE-190CB954779A}.Release|Any CPU.Build.0 = Release|Any CPU
		{D8B70A13-597A-4F81-AFCE-190CB954779A}.Release|Any CPU.Deploy.0 = Release|Any CPU
	EndGlobalSection
	GlobalSection(SolutionProperties) = preSolution
		HideSolutionNode = FALSE
	EndGlobalSection
	GlobalSection(ExtensibilityGlobals) = postSolution
		SolutionGuid = {5A87CF22-0BBA-4B13-B594-22D89E898B35}
	EndGlobalSection
EndGlobal
